
Microsoft Visual Studio Solution File, Format Version 12.00
# Visual Studio Version 16
VisualStudioVersion = 16.0.31025.194
MinimumVisualStudioVersion = 10.0.40219.1
Project("{FAE04EC0-301F-11D3-BF4B-00C04F79EFBC}") = "CloudDemo", "CloudDemo\CloudDemo.csproj", "{BE5777ED-598F-4039-A384-7317114379E6}"
EndProject
Global
	GlobalSection(SolutionConfigurationPlatforms) = preSolution
		Debug|Any CPU = Debug|Any CPU
		Release|Any CPU = Release|Any CPU
	EndGlobalSection
	GlobalSection(ProjectConfigurationPlatforms) = postSolution
		{BE5777ED-598F-4039-A384-7317114379E6}.Debug|Any CPU.ActiveCfg = Debug|Any CPU
		{BE5777ED-598F-4039-A384-7317114379E6}.Debug|Any CPU.Build.0 = Debug|Any CPU
		{BE5777ED-598F-4039-A384-7317114379E6}.Release|Any CPU.ActiveCfg = Release|Any CPU
		{BE5777ED-598F-4039-A384-7317114379E6}.Release|Any CPU.Build.0 = Release|Any CPU
	EndGlobalSection
	GlobalSection(SolutionProperties) = preSolution
		HideSolutionNode = FALSE
	EndGlobalSection
	GlobalSection(ExtensibilityGlobals) = postSolution
		SolutionGuid = {FDD34EEA-9500-4A1B-B51E-52F5244282F6}
	EndGlobalSection
EndGlobal
